<?xml version="1.0" encoding="utf-8"?>
<Project ToolsVersion="4.0" xmlns="http://schemas.microsoft.com/developer/msbuild/2003">
  <ItemGroup>
    <Filter Include="Source Files">
      <UniqueIdentifier>{4FC737F1-C7A5-4376-A066-2A32D752A2FF}</UniqueIdentifier>
      <Extensions>cpp;cxx;c;def</Extensions>
    </Filter>
    <Filter Include="Header Files">
      <UniqueIdentifier>{93995380-89BD-4b04-88EB-625FBE52EBFB}</UniqueIdentifier>
      <Extensions>h</Extensions>
    </Filter>
    <Filter Include="Form Files">
      <UniqueIdentifier>{99349809-55BA-4b9d-BF79-8FDBB0286EB3}</UniqueIdentifier>
      <Extensions>ui</Extensions>
    </Filter>
    <Filter Include="Resource Files">
      <UniqueIdentifier>{D9D6E242-F8AF-46E4-B9FD-80ECBC20BA3E}</UniqueIdentifier>
      <Extensions>qrc;*</Extensions>
      <ParseFiles>false</ParseFiles>
    </Filter>
    <Filter Include="Generated Files">
      <UniqueIdentifier>{71ED8ED8-ACB9-4CE9-BBE1-E00B30144E11}</UniqueIdentifier>
      <Extensions>moc;h;cpp</Extensions>
      <SourceControlFiles>False</SourceControlFiles>
    </Filter>
    <Filter Include="Generated Files\Debug">
      <UniqueIdentifier>{b904f2d6-bb39-443a-bab7-089beb21f5f7}</UniqueIdentifier>
      <Extensions>cpp;moc</Extensions>
      <SourceControlFiles>False</SourceControlFiles>
    </Filter>
    <Filter Include="Generated Files\Release">
      <UniqueIdentifier>{5541befd-b18c-4ba9-8113-26dd9235a0d5}</UniqueIdentifier>
      <Extensions>cpp;moc</Extensions>
      <SourceControlFiles>False</SourceControlFiles>
    </Filter>
    <Filter Include="Source Files\Model">
      <UniqueIdentifier>{5a5ed542-c365-4f9d-a111-c43721e03029}</UniqueIdentifier>
    </Filter>
    <Filter Include="Header Files\Model">
      <UniqueIdentifier>{f71568b5-0e9b-4077-a381-45bb6c8cfd31}</UniqueIdentifier>
    </Filter>
    <Filter Include="Source Files\View">
      <UniqueIdentifier>{156d1074-4af4-4503-912b-ab080bbb1556}</UniqueIdentifier>
    </Filter>
    <Filter Include="Header Files\View">
      <UniqueIdentifier>{cc89e1c5-d313-4ef6-918a-48213f7cdb73}</UniqueIdentifier>
    </Filter>
    <Filter Include="Header Files\Model\DB">
      <UniqueIdentifier>{f252a43d-19e3-4298-8fe4-60b7bd05b75a}</UniqueIdentifier>
    </Filter>
    <Filter Include="Source Files\Model\DB">
      <UniqueIdentifier>{e706a7a2-f357-489e-bd27-a9fdc7c11c6c}</UniqueIdentifier>
    </Filter>
    <Filter Include="Header Files\Model\DomainModel">
      <UniqueIdentifier>{22fc301f-2a8e-42c7-9727-62b165a80902}</UniqueIdentifier>
    </Filter>
    <Filter Include="Header Files\Model\DomainModel\AuthorizationModule">
      <UniqueIdentifier>{e9020f10-a5e1-451a-bb60-12bc60d5a030}</UniqueIdentifier>
    </Filter>
    <Filter Include="Source Files\Model\DomainModel">
      <UniqueIdentifier>{fcae34dc-8a65-45fc-a7a3-333389435ea8}</UniqueIdentifier>
    </Filter>
    <Filter Include="Source Files\Model\DomainModel\AuthorizationModule">
      <UniqueIdentifier>{68746f60-1883-42bf-86f0-4c09a55140f2}</UniqueIdentifier>
    </Filter>
    <Filter Include="Header Files\Model\ModelFacade">
      <UniqueIdentifier>{2b7415ba-e883-425f-9b2a-ca8539aaa014}</UniqueIdentifier>
    </Filter>
    <Filter Include="Source Files\Model\DomainModel\ModelFacade">
      <UniqueIdentifier>{34827d0e-3589-40d5-a815-be93014426e1}</UniqueIdentifier>
    </Filter>
    <Filter Include="Header Files\Model\DomainModel\PersonnelAccountingModule">
      <UniqueIdentifier>{6a7e4f6a-b0cb-4c35-b664-2a0089091dcb}</UniqueIdentifier>
    </Filter>
    <Filter Include="Source Files\Model\DomainModel\PersonnelAccountingModule">
      <UniqueIdentifier>{fc16827e-d17b-4e6d-868a-df571bbc81bb}</UniqueIdentifier>
    </Filter>
    <Filter Include="Header Files\Test">
      <UniqueIdentifier>{60ff7132-5d3d-4045-afdf-2ee102533627}</UniqueIdentifier>
    </Filter>
    <Filter Include="Source Files\Test">
      <UniqueIdentifier>{0c2553cd-550e-42fe-a8e6-98f88f9f31ec}</UniqueIdentifier>
    </Filter>
    <Filter Include="Header Files\Helpers">
      <UniqueIdentifier>{6948a61f-4c61-4e38-be39-41ba97474dc0}</UniqueIdentifier>
    </Filter>
    <Filter Include="Source Files\Helpers">
      <UniqueIdentifier>{d34b66ec-1dfc-4271-b9ad-9c65cf0e660f}</UniqueIdentifier>
    </Filter>
    <Filter Include="Header Files\Model\DomainModel\PersonnelAccountingModule\SalesModule">
      <UniqueIdentifier>{df9498c3-7e75-462d-8066-f3a8978e0abd}</UniqueIdentifier>
    </Filter>
    <Filter Include="Source Files\Model\DomainModel\PersonnelAccountingModule\SalesModule">
      <UniqueIdentifier>{7bb601fc-1937-4b82-9506-d2937ab53234}</UniqueIdentifier>
    </Filter>
  </ItemGroup>
  <ItemGroup>
    <ClCompile Include="main.cpp">
      <Filter>Source Files</Filter>
    </ClCompile>
    <ClCompile Include="mainwindow.cpp">
      <Filter>Source Files</Filter>
    </ClCompile>
    <ClCompile Include="GeneratedFiles\Debug\moc_mainwindow.cpp">
      <Filter>Generated Files\Debug</Filter>
    </ClCompile>
    <ClCompile Include="GeneratedFiles\Release\moc_mainwindow.cpp">
      <Filter>Generated Files\Release</Filter>
    </ClCompile>
    <ClCompile Include="GeneratedFiles\qrc_mainwindow.cpp">
      <Filter>Generated Files</Filter>
    </ClCompile>
    <ClCompile Include="AuthorizationModule.cpp">
      <Filter>Source Files\Model\DomainModel\AuthorizationModule</Filter>
    </ClCompile>
    <ClCompile Include="User.cpp">
      <Filter>Source Files\Model\DomainModel\AuthorizationModule</Filter>
    </ClCompile>
    <ClCompile Include="UserDB.cpp">
      <Filter>Source Files\Model\DB</Filter>
    </ClCompile>
    <ClCompile Include="AuthorizationFacade.cpp">
      <Filter>Source Files\Model\DomainModel\ModelFacade</Filter>
    </ClCompile>
    <ClCompile Include="GeneratedFiles\Debug\moc_AuthPage.cpp">
      <Filter>Generated Files\Debug</Filter>
    </ClCompile>
    <ClCompile Include="GeneratedFiles\Release\moc_AuthPage.cpp">
      <Filter>Generated Files\Release</Filter>
    </ClCompile>
    <ClCompile Include="AuthPage.cpp">
      <Filter>Source Files\View</Filter>
    </ClCompile>
    <ClCompile Include="AccoutingPeriodDB.cpp">
      <Filter>Source Files\Model\DB</Filter>
    </ClCompile>
    <ClCompile Include="ClosedSale.cpp">
      <Filter>Source Files\Model\DomainModel\PersonnelAccountingModule\SalesModule</Filter>
    </ClCompile>
    <ClCompile Include="Sale_DB.cpp">
      <Filter>Source Files\Model\DB</Filter>
    </ClCompile>
    <ClCompile Include="Product_DB.cpp">
      <Filter>Source Files\Model\DB</Filter>
    </ClCompile>
    <ClCompile Include="Product.cpp">
      <Filter>Source Files\Model\DomainModel\PersonnelAccountingModule\SalesModule</Filter>
    </ClCompile>
    <ClCompile Include="Manager.cpp">
      <Filter>Source Files\Model\DomainModel\PersonnelAccountingModule</Filter>
    </ClCompile>
    <ClCompile Include="ActiveSale.cpp">
      <Filter>Source Files\Model\DomainModel\PersonnelAccountingModule\SalesModule</Filter>
    </ClCompile>
    <ClCompile Include="Sale.cpp">
      <Filter>Source Files\Model\DomainModel\PersonnelAccountingModule\SalesModule</Filter>
    </ClCompile>
    <ClCompile Include="ManagerDB.cpp">
      <Filter>Source Files\Model\DB</Filter>
    </ClCompile>
    <ClCompile Include="SalesFacade.cpp">
      <Filter>Source Files\Model\DomainModel\ModelFacade</Filter>
    </ClCompile>
    <ClCompile Include="GeneratedFiles\Debug\moc_EmployeesPage.cpp">
      <Filter>Generated Files\Debug</Filter>
    </ClCompile>
    <ClCompile Include="GeneratedFiles\Release\moc_EmployeesPage.cpp">
      <Filter>Generated Files\Release</Filter>
    </ClCompile>
    <ClCompile Include="EmployeesPage.cpp">
      <Filter>Source Files\View</Filter>
    </ClCompile>
    <ClCompile Include="GeneratedFiles\Debug\moc_EmployeesTableModel.cpp">
      <Filter>Generated Files\Debug</Filter>
    </ClCompile>
    <ClCompile Include="GeneratedFiles\Release\moc_EmployeesTableModel.cpp">
      <Filter>Generated Files\Release</Filter>
    </ClCompile>
    <ClCompile Include="EmployeesTableModel.cpp">
      <Filter>Source Files\View</Filter>
    </ClCompile>
    <ClCompile Include="Employer.cpp">
      <Filter>Source Files\Model\DomainModel\PersonnelAccountingModule</Filter>
    </ClCompile>
    <ClCompile Include="ErrorMessageHandler.cpp">
      <Filter>Source Files\View</Filter>
    </ClCompile>
    <ClCompile Include="ManagerValidator.cpp">
      <Filter>Source Files\Model\DomainModel\PersonnelAccountingModule</Filter>
    </ClCompile>
    <ClCompile Include="UserValidator.cpp">
      <Filter>Source Files\Model\DomainModel\AuthorizationModule</Filter>
    </ClCompile>
    <ClCompile Include="PersonnalAccountingFacade.cpp">
      <Filter>Source Files\Model\DomainModel\ModelFacade</Filter>
    </ClCompile>
    <ClCompile Include="SalesPage.cpp">
      <Filter>Source Files\View</Filter>
    </ClCompile>
    <ClCompile Include="GeneratedFiles\Debug\moc_SalesPage.cpp">
      <Filter>Generated Files\Debug</Filter>
    </ClCompile>
    <ClCompile Include="GeneratedFiles\Release\moc_SalesPage.cpp">
      <Filter>Generated Files\Release</Filter>
    </ClCompile>
    <ClCompile Include="Codec.cpp">
      <Filter>Source Files\View</Filter>
    </ClCompile>
    <ClCompile Include="GeneratedFiles\Debug\moc_ManagersSalesTableModel.cpp">
      <Filter>Generated Files\Debug</Filter>
    </ClCompile>
    <ClCompile Include="GeneratedFiles\Release\moc_ManagersSalesTableModel.cpp">
      <Filter>Generated Files\Release</Filter>
    </ClCompile>
    <ClCompile Include="ManagersSalesTableModel.cpp">
      <Filter>Source Files\View</Filter>
    </ClCompile>
    <ClCompile Include="GeneratedFiles\Debug\moc_UnconfirmedSalesTableModel.cpp">
      <Filter>Generated Files\Debug</Filter>
    </ClCompile>
    <ClCompile Include="GeneratedFiles\Release\moc_UnconfirmedSalesTableModel.cpp">
      <Filter>Generated Files\Release</Filter>
    </ClCompile>
    <ClCompile Include="UnconfirmedSalesTableModel.cpp">
      <Filter>Source Files\View</Filter>
    </ClCompile>
    <ClCompile Include="GeneratedFiles\Debug\moc_ConfirmedSalesTableModel.cpp">
      <Filter>Generated Files\Debug</Filter>
    </ClCompile>
    <ClCompile Include="GeneratedFiles\Release\moc_ConfirmedSalesTableModel.cpp">
      <Filter>Generated Files\Release</Filter>
    </ClCompile>
    <ClCompile Include="ConfirmedSalesTableModel.cpp">
      <Filter>Source Files\View</Filter>
    </ClCompile>
    <ClCompile Include="GeneratedFiles\Debug\moc_SalaryPage.cpp">
      <Filter>Generated Files\Debug</Filter>
    </ClCompile>
    <ClCompile Include="GeneratedFiles\Release\moc_SalaryPage.cpp">
      <Filter>Generated Files\Release</Filter>
    </ClCompile>
    <ClCompile Include="SalaryPage.cpp">
      <Filter>Source Files\View</Filter>
    </ClCompile>
    <ClCompile Include="SalaryTableModel.cpp">
      <Filter>Source Files\View</Filter>
    </ClCompile>
    <ClCompile Include="GeneratedFiles\Debug\moc_SalaryTableModel.cpp">
      <Filter>Generated Files\Debug</Filter>
    </ClCompile>
    <ClCompile Include="GeneratedFiles\Release\moc_SalaryTableModel.cpp">
      <Filter>Generated Files\Release</Filter>
    </ClCompile>
    <ClCompile Include="SalaryTotalTableModel.cpp">
      <Filter>Source Files\View</Filter>
    </ClCompile>
    <ClCompile Include="GeneratedFiles\Debug\moc_SalaryTotalTableModel.cpp">
      <Filter>Generated Files\Debug</Filter>
    </ClCompile>
    <ClCompile Include="GeneratedFiles\Release\moc_SalaryTotalTableModel.cpp">
      <Filter>Generated Files\Release</Filter>
    </ClCompile>
    <ClCompile Include="GeneratedFiles\Debug\moc_ManagerPage.cpp">
      <Filter>Generated Files\Debug</Filter>
    </ClCompile>
    <ClCompile Include="GeneratedFiles\Release\moc_ManagerPage.cpp">
      <Filter>Generated Files\Release</Filter>
    </ClCompile>
    <ClCompile Include="GeneratedFiles\Release\moc_ProductPage.cpp">
      <Filter>Generated Files\Release</Filter>
    </ClCompile>
    <ClCompile Include="GeneratedFiles\Debug\moc_test_product_db.cpp">
      <Filter>Generated Files\Debug</Filter>
    </ClCompile>
    <ClCompile Include="GeneratedFiles\Release\moc_test_product_db.cpp">
      <Filter>Generated Files\Release</Filter>
    </ClCompile>
    <ClCompile Include="GeneratedFiles\Debug\moc_test_user_db.cpp">
      <Filter>Generated Files\Debug</Filter>
    </ClCompile>
    <ClCompile Include="GeneratedFiles\Release\moc_test_user_db.cpp">
      <Filter>Generated Files\Release</Filter>
    </ClCompile>
    <ClCompile Include="Test\Test.cpp">
      <Filter>Source Files\Test</Filter>
    </ClCompile>
    <ClCompile Include="Test\test_product_db.cpp">
      <Filter>Source Files\Test</Filter>
    </ClCompile>
    <ClCompile Include="Test\test_user_db.cpp">
      <Filter>Source Files\Test</Filter>
    </ClCompile>
    <ClCompile Include="Helpers.cpp">
      <Filter>Source Files\Helpers</Filter>
    </ClCompile>
    <ClCompile Include="Settings.cpp">
      <Filter>Source Files</Filter>
    </ClCompile>
    <ClCompile Include="AccoutingPeriod.cpp">
      <Filter>Source Files\Model\DomainModel\PersonnelAccountingModule\SalesModule</Filter>
    </ClCompile>
    <ClCompile Include="OpenAccoutingPeriod.cpp">
      <Filter>Source Files\Model\DomainModel\PersonnelAccountingModule\SalesModule</Filter>
    </ClCompile>
    <ClCompile Include="ManagerPage.cpp">
      <Filter>Source Files\View</Filter>
    </ClCompile>
    <ClCompile Include="ProductPage.cpp">
      <Filter>Source Files\View</Filter>
    </ClCompile>
    <ClCompile Include="ProductFacade.cpp">
      <Filter>Source Files\Model\DomainModel\ModelFacade</Filter>
    </ClCompile>
    <ClCompile Include="ASqlTable.cpp">
      <Filter>Source Files\Model\DB</Filter>
    </ClCompile>
    <ClCompile Include="SqlErrorHandler.cpp">
      <Filter>Source Files</Filter>
    </ClCompile>
    <ClCompile Include="GeneratedFiles\Debug\moc_ProductPage.cpp">
      <Filter>Source Files</Filter>
    </ClCompile>
    <ClCompile Include="TabNavigator.cpp">
      <Filter>Source Files</Filter>
    </ClCompile>
  </ItemGroup>
  <ItemGroup>
    <CustomBuild Include="mainwindow.h">
      <Filter>Header Files</Filter>
    </CustomBuild>
    <CustomBuild Include="mainwindow.ui">
      <Filter>Form Files</Filter>
    </CustomBuild>
    <CustomBuild Include="mainwindow.qrc">
      <Filter>Resource Files</Filter>
    </CustomBuild>
    <CustomBuild Include="AuthPage.h">
      <Filter>Header Files\View</Filter>
    </CustomBuild>
    <CustomBuild Include="EmployeesPage.h">
      <Filter>Header Files\View</Filter>
    </CustomBuild>
    <CustomBuild Include="EmployeesTableModel.h">
      <Filter>Header Files\View</Filter>
    </CustomBuild>
    <CustomBuild Include="SalesPage.h">
      <Filter>Header Files\View</Filter>
    </CustomBuild>
    <CustomBuild Include="ManagersSalesTableModel.h">
      <Filter>Header Files\View</Filter>
    </CustomBuild>
    <CustomBuild Include="UnconfirmedSalesTableModel.h">
      <Filter>Header Files\View</Filter>
    </CustomBuild>
    <CustomBuild Include="ConfirmedSalesTableModel.h">
      <Filter>Header Files\View</Filter>
    </CustomBuild>
    <CustomBuild Include="SalaryPage.h">
      <Filter>Header Files\View</Filter>
    </CustomBuild>
    <CustomBuild Include="SalaryTableModel.h">
      <Filter>Header Files\View</Filter>
    </CustomBuild>
    <CustomBuild Include="SalaryTotalTableModel.h">
      <Filter>Header Files\View</Filter>
    </CustomBuild>
    <CustomBuild Include="Test\test_product_db.h">
      <Filter>Header Files\Test</Filter>
    </CustomBuild>
    <CustomBuild Include="Test\test_user_db.h">
      <Filter>Header Files\Test</Filter>
    </CustomBuild>
    <CustomBuild Include="ManagerPage.h">
      <Filter>Header Files\View</Filter>
    </CustomBuild>
    <CustomBuild Include="ProductPage.h">
      <Filter>Header Files\View</Filter>
    </CustomBuild>
    <CustomBuild Include="Settings.h">
      <Filter>Resource Files</Filter>
    </CustomBuild>
  </ItemGroup>
  <ItemGroup>
    <ClInclude Include="GeneratedFiles\ui_mainwindow.h">
      <Filter>Generated Files</Filter>
    </ClInclude>
    <ClInclude Include="AuthorizationModule.h">
      <Filter>Header Files\Model\DomainModel\AuthorizationModule</Filter>
    </ClInclude>
    <ClInclude Include="IUserRepository.h">
      <Filter>Header Files\Model\DomainModel\AuthorizationModule</Filter>
    </ClInclude>
    <ClInclude Include="SignResult.h">
      <Filter>Header Files\Model\DomainModel\AuthorizationModule</Filter>
    </ClInclude>
    <ClInclude Include="User.h">
      <Filter>Header Files\Model\DomainModel\AuthorizationModule</Filter>
    </ClInclude>
    <ClInclude Include="UserInfo.h">
      <Filter>Header Files\Model\DomainModel\AuthorizationModule</Filter>
    </ClInclude>
    <ClInclude Include="UserDB.h">
      <Filter>Header Files\Model\DB</Filter>
    </ClInclude>
    <ClInclude Include="AuthorizationFacade.h">
      <Filter>Header Files\Model\ModelFacade</Filter>
    </ClInclude>
    <ClInclude Include="UserDTO.h">
      <Filter>Header Files\Model\ModelFacade</Filter>
    </ClInclude>
    <ClInclude Include="SignResultDTO.h">
      <Filter>Header Files\Model\ModelFacade</Filter>
    </ClInclude>
    <ClInclude Include="AccoutingPeriodDB.h">
      <Filter>Header Files\Model\DB</Filter>
    </ClInclude>
    <ClInclude Include="Salary.h">
      <Filter>Header Files\Model\DomainModel\PersonnelAccountingModule\SalesModule</Filter>
    </ClInclude>
    <ClInclude Include="AccoutingPeriod.h">
      <Filter>Header Files\Model\DomainModel\PersonnelAccountingModule\SalesModule</Filter>
    </ClInclude>
    <ClInclude Include="OpenAccoutingPeriod.h">
      <Filter>Header Files\Model\DomainModel\PersonnelAccountingModule\SalesModule</Filter>
    </ClInclude>
    <ClInclude Include="ClosedSale.h">
      <Filter>Header Files\Model\DomainModel\PersonnelAccountingModule\SalesModule</Filter>
    </ClInclude>
    <ClInclude Include="CloseAccoutingPeriod.h">
      <Filter>Header Files\Model\DomainModel\PersonnelAccountingModule\SalesModule</Filter>
    </ClInclude>
    <ClInclude Include="Sale_DB.h">
      <Filter>Header Files\Model\DB</Filter>
    </ClInclude>
    <ClInclude Include="Product.h">
      <Filter>Header Files\Model\DomainModel\PersonnelAccountingModule\SalesModule</Filter>
    </ClInclude>
    <ClInclude Include="Manager.h">
      <Filter>Header Files\Model\DomainModel\PersonnelAccountingModule</Filter>
    </ClInclude>
    <ClInclude Include="ActiveSale.h">
      <Filter>Header Files\Model\DomainModel\PersonnelAccountingModule\SalesModule</Filter>
    </ClInclude>
    <ClInclude Include="Sale.h">
      <Filter>Header Files\Model\DomainModel\PersonnelAccountingModule\SalesModule</Filter>
    </ClInclude>
    <ClInclude Include="Product_DB.h">
      <Filter>Header Files\Model\DB</Filter>
    </ClInclude>
    <ClInclude Include="ManagerDB.h">
      <Filter>Header Files\Model\DB</Filter>
    </ClInclude>
    <ClInclude Include="IManagerRepository.h">
      <Filter>Header Files\Model\DomainModel\PersonnelAccountingModule</Filter>
    </ClInclude>
    <ClInclude Include="SalesFacade.h">
      <Filter>Header Files\Model\ModelFacade</Filter>
    </ClInclude>
    <ClInclude Include="ActiveSaleDTO.h">
      <Filter>Header Files\Model\ModelFacade</Filter>
    </ClInclude>
    <ClInclude Include="ProductDTO.h">
      <Filter>Header Files\Model\ModelFacade</Filter>
    </ClInclude>
    <ClInclude Include="Employer.h">
      <Filter>Header Files\Model\DomainModel\PersonnelAccountingModule</Filter>
    </ClInclude>
    <ClInclude Include="ErrorMessageHandler.h">
      <Filter>Header Files\View</Filter>
    </ClInclude>
    <ClInclude Include="ManagerValidator.h">
      <Filter>Header Files\Model\DomainModel\PersonnelAccountingModule</Filter>
    </ClInclude>
    <ClInclude Include="UserValidator.h">
      <Filter>Header Files\Model\DomainModel\AuthorizationModule</Filter>
    </ClInclude>
    <ClInclude Include="PersonnalAccountingFacade.h">
      <Filter>Header Files\Model\ModelFacade</Filter>
    </ClInclude>
    <ClInclude Include="Codec.h">
      <Filter>Source Files\View</Filter>
    </ClInclude>
    <ClInclude Include="ManagerSalesStatisticDTO.h">
      <Filter>Header Files\Model\ModelFacade</Filter>
    </ClInclude>
    <ClInclude Include="ManagerActiveSalesStatisticDTO.h">
      <Filter>Header Files\Model\ModelFacade</Filter>
    </ClInclude>
    <ClInclude Include="AccoutingPeriodDTO.h">
      <Filter>Header Files\Model\ModelFacade</Filter>
    </ClInclude>
    <ClInclude Include="ManagerSalaryDTO.h">
      <Filter>Header Files\Model\ModelFacade</Filter>
    </ClInclude>
    <ClInclude Include="SaleInfoDTO.h">
      <Filter>Header Files\Model\ModelFacade</Filter>
    </ClInclude>
    <ClInclude Include="Test\Test.h">
      <Filter>Header Files\Test</Filter>
    </ClInclude>
    <ClInclude Include="Helpers.h">
      <Filter>Header Files\Helpers</Filter>
    </ClInclude>
    <ClInclude Include="dbHelpers.h">
      <Filter>Header Files\Model\DB</Filter>
    </ClInclude>
    <ClInclude Include="ISqlTable.h">
      <Filter>Header Files\Model\DB</Filter>
    </ClInclude>
    <ClInclude Include="ProductFacade.h">
      <Filter>Header Files\Model\ModelFacade</Filter>
    </ClInclude>
    <ClInclude Include="ManagerDTO.h">
      <Filter>Header Files\Model\ModelFacade</Filter>
    </ClInclude>
    <ClInclude Include="SaleDTO.h">
      <Filter>Header Files\Model\ModelFacade</Filter>
    </ClInclude>
    <ClInclude Include="SqlErrorHandler.h">
      <Filter>Header Files</Filter>
    </ClInclude>
    <ClInclude Include="ASqlTable.h">
      <Filter>Header Files\Model\DB</Filter>
    </ClInclude>
    <ClInclude Include="TabNavigator.h">
      <Filter>Header Files</Filter>
    </ClInclude>
    <ClInclude Include="enums.h">
      <Filter>Header Files</Filter>
    </ClInclude>
  </ItemGroup>
</Project>